
Microsoft Visual Studio Solution File, Format Version 12.00
# Visual Studio 15
VisualStudioVersion = 15.0.28307.102
MinimumVisualStudioVersion = 10.0.40219.1
Project("{FAE04EC0-301F-11D3-BF4B-00C04F79EFBC}") = "CMS_API", "CMS_API\CMS_API.csproj", "{4E5D624A-5B8C-4778-84C5-FB70A8365ED7}"
EndProject
Global
	GlobalSection(SolutionConfigurationPlatforms) = preSolution
		Debug|Any CPU = Debug|Any CPU
		Release|Any CPU = Release|Any CPU
	EndGlobalSection
	GlobalSection(ProjectConfigurationPlatforms) = postSolution
		{4E5D624A-5B8C-4778-84C5-FB70A8365ED7}.Debug|Any CPU.ActiveCfg = Debug|Any CPU
		{4E5D624A-5B8C-4778-84C5-FB70A8365ED7}.Debug|Any CPU.Build.0 = Debug|Any CPU
		{4E5D624A-5B8C-4778-84C5-FB70A8365ED7}.Release|Any CPU.ActiveCfg = Release|Any CPU
		{4E5D624A-5B8C-4778-84C5-FB70A8365ED7}.Release|Any CPU.Build.0 = Release|Any CPU
	EndGlobalSection
	GlobalSection(SolutionProperties) = preSolution
		HideSolutionNode = FALSE
	EndGlobalSection
	GlobalSection(ExtensibilityGlobals) = postSolution
		SolutionGuid = {D92D8841-A3B8-4F9E-BA9D-BD1CE0A0CDD0}
	EndGlobalSection
EndGlobal
